
Microsoft Visual Studio Solution File, Format Version 12.00
# Visual Studio Version 16
VisualStudioVersion = 16.0.29102.190
MinimumVisualStudioVersion = 10.0.40219.1
Project("{FAE04EC0-301F-11D3-BF4B-00C04F79EFBC}") = "Practica10", "Practica10.csproj", "{570826EF-A241-401D-880B-2A795FF9BED3}"
EndProject
Global
	GlobalSection(SolutionConfigurationPlatforms) = preSolution
		Debug|Any CPU = Debug|Any CPU
		Release|Any CPU = Release|Any CPU
	EndGlobalSection
	GlobalSection(ProjectConfigurationPlatforms) = postSolution
		{570826EF-A241-401D-880B-2A795FF9BED3}.Debug|Any CPU.ActiveCfg = Debug|Any CPU
		{570826EF-A241-401D-880B-2A795FF9BED3}.Debug|Any CPU.Build.0 = Debug|Any CPU
		{570826EF-A241-401D-880B-2A795FF9BED3}.Release|Any CPU.ActiveCfg = Release|Any CPU
		{570826EF-A241-401D-880B-2A795FF9BED3}.Release|Any CPU.Build.0 = Release|Any CPU
	EndGlobalSection
	GlobalSection(SolutionProperties) = preSolution
		HideSolutionNode = FALSE
	EndGlobalSection
	GlobalSection(ExtensibilityGlobals) = postSolution
		SolutionGuid = {074F502A-0D86-4A2A-83B0-7B41D9E45AA6}
	EndGlobalSection
EndGlobal
